// !$*UTF8*$!
{
	archiveVersion = 1;
	classes = {
	};
	objectVersion = 46;
	objects = {

/* Begin PBXBuildFile section */
		2961F0071CBF396C0062FC1A /* kz_badge@2x.png in Resources */ = {isa = PBXBuildFile; fileRef = 2961F0061CBF396C0062FC1A /* kz_badge@2x.png */; };
		2961F0091CBF3C340062FC1A /* kz_overlay@2x.png in Resources */ = {isa = PBXBuildFile; fileRef = 2961F0081CBF3C340062FC1A /* kz_overlay@2x.png */; };
		2961F0171CBF3F190062FC1A /* KZAlbumViewController.m in Sources */ = {isa = PBXBuildFile; fileRef = 2961F00D1CBF3F190062FC1A /* KZAlbumViewController.m */; };
		2961F0181CBF3F190062FC1A /* KZGroupCell.m in Sources */ = {isa = PBXBuildFile; fileRef = 2961F00F1CBF3F190062FC1A /* KZGroupCell.m */; };
		2961F0191CBF3F190062FC1A /* KZGroupCell.xib in Resources */ = {isa = PBXBuildFile; fileRef = 2961F0101CBF3F190062FC1A /* KZGroupCell.xib */; };
		2961F01A1CBF3F190062FC1A /* KZImagePickerController.m in Sources */ = {isa = PBXBuildFile; fileRef = 2961F0121CBF3F190062FC1A /* KZImagePickerController.m */; };
		2961F01B1CBF3F190062FC1A /* KZGroupInfo.m in Sources */ = {isa = PBXBuildFile; fileRef = 2961F0161CBF3F190062FC1A /* KZGroupInfo.m */; };
		2961F0201CBF46F80062FC1A /* KZAssetsInfo.m in Sources */ = {isa = PBXBuildFile; fileRef = 2961F01D1CBF46F80062FC1A /* KZAssetsInfo.m */; };
		2961F0211CBF46F80062FC1A /* KZPhotoViewController.m in Sources */ = {isa = PBXBuildFile; fileRef = 2961F01F1CBF46F80062FC1A /* KZPhotoViewController.m */; };
		29CAB61A1CBE2237005E54F6 /* main.m in Sources */ = {isa = PBXBuildFile; fileRef = 29CAB6191CBE2237005E54F6 /* main.m */; };
		29CAB61D1CBE2237005E54F6 /* AppDelegate.m in Sources */ = {isa = PBXBuildFile; fileRef = 29CAB61C1CBE2237005E54F6 /* AppDelegate.m */; };
		29CAB6201CBE2237005E54F6 /* ViewController.m in Sources */ = {isa = PBXBuildFile; fileRef = 29CAB61F1CBE2237005E54F6 /* ViewController.m */; };
		29CAB6231CBE2237005E54F6 /* Main.storyboard in Resources */ = {isa = PBXBuildFile; fileRef = 29CAB6211CBE2237005E54F6 /* Main.storyboard */; };
		29CAB6261CBE2237005E54F6 /* MultipleAlbums.xcdatamodeld in Sources */ = {isa = PBXBuildFile; fileRef = 29CAB6241CBE2237005E54F6 /* MultipleAlbums.xcdatamodeld */; };
		29CAB6281CBE2237005E54F6 /* Assets.xcassets in Resources */ = {isa = PBXBuildFile; fileRef = 29CAB6271CBE2237005E54F6 /* Assets.xcassets */; };
		29CAB62B1CBE2237005E54F6 /* LaunchScreen.storyboard in Resources */ = {isa = PBXBuildFile; fileRef = 29CAB6291CBE2237005E54F6 /* LaunchScreen.storyboard */; };
/* End PBXBuildFile section */

/* Begin PBXFileReference section */
		2961F0061CBF396C0062FC1A /* kz_badge@2x.png */ = {isa = PBXFileReference; lastKnownFileType = image.png; path = "kz_badge@2x.png"; sourceTree = "<group>"; };
		2961F0081CBF3C340062FC1A /* kz_overlay@2x.png */ = {isa = PBXFileReference; lastKnownFileType = image.png; path = "kz_overlay@2x.png"; sourceTree = "<group>"; };
		2961F00C1CBF3F190062FC1A /* KZAlbumViewController.h */ = {isa = PBXFileReference; fileEncoding = 4; lastKnownFileType = sourcecode.c.h; path = KZAlbumViewController.h; sourceTree = "<group>"; };
		2961F00D1CBF3F190062FC1A /* KZAlbumViewController.m */ = {isa = PBXFileReference; fileEncoding = 4; lastKnownFileType = sourcecode.c.objc; path = KZAlbumViewController.m; sourceTree = "<group>"; };
		2961F00E1CBF3F190062FC1A /* KZGroupCell.h */ = {isa = PBXFileReference; fileEncoding = 4; lastKnownFileType = sourcecode.c.h; path = KZGroupCell.h; sourceTree = "<group>"; };
		2961F00F1CBF3F190062FC1A /* KZGroupCell.m */ = {isa = PBXFileReference; fileEncoding = 4; lastKnownFileType = sourcecode.c.objc; path = KZGroupCell.m; sourceTree = "<group>"; };
		2961F0101CBF3F190062FC1A /* KZGroupCell.xib */ = {isa = PBXFileReference; fileEncoding = 4; lastKnownFileType = file.xib; path = KZGroupCell.xib; sourceTree = "<group>"; };
		2961F0111CBF3F190062FC1A /* KZImagePickerController.h */ = {isa = PBXFileReference; fileEncoding = 4; lastKnownFileType = sourcecode.c.h; path = KZImagePickerController.h; sourceTree = "<group>"; };
		2961F0121CBF3F190062FC1A /* KZImagePickerController.m */ = {isa = PBXFileReference; fileEncoding = 4; lastKnownFileType = sourcecode.c.objc; path = KZImagePickerController.m; sourceTree = "<group>"; };
		2961F0131CBF3F190062FC1A /* MacroDefinition.h */ = {isa = PBXFileReference; fileEncoding = 4; lastKnownFileType = sourcecode.c.h; path = MacroDefinition.h; sourceTree = "<group>"; };
		2961F0151CBF3F190062FC1A /* KZGroupInfo.h */ = {isa = PBXFileReference; fileEncoding = 4; lastKnownFileType = sourcecode.c.h; path = KZGroupInfo.h; sourceTree = "<group>"; };
		2961F0161CBF3F190062FC1A /* KZGroupInfo.m */ = {isa = PBXFileReference; fileEncoding = 4; lastKnownFileType = sourcecode.c.objc; path = KZGroupInfo.m; sourceTree = "<group>"; };
		2961F01C1CBF46F80062FC1A /* KZAssetsInfo.h */ = {isa = PBXFileReference; fileEncoding = 4; lastKnownFileType = sourcecode.c.h; name = KZAssetsInfo.h; path = ../KZAssetsInfo.h; sourceTree = "<group>"; };
		2961F01D1CBF46F80062FC1A /* KZAssetsInfo.m */ = {isa = PBXFileReference; fileEncoding = 4; lastKnownFileType = sourcecode.c.objc; name = KZAssetsInfo.m; path = ../KZAssetsInfo.m; sourceTree = "<group>"; };
		2961F01E1CBF46F80062FC1A /* KZPhotoViewController.h */ = {isa = PBXFileReference; fileEncoding = 4; lastKnownFileType = sourcecode.c.h; path = KZPhotoViewController.h; sourceTree = "<group>"; };
		2961F01F1CBF46F80062FC1A /* KZPhotoViewController.m */ = {isa = PBXFileReference; fileEncoding = 4; lastKnownFileType = sourcecode.c.objc; path = KZPhotoViewController.m; sourceTree = "<group>"; };
		29CAB6151CBE2237005E54F6 /* MultipleAlbums.app */ = {isa = PBXFileReference; explicitFileType = wrapper.application; includeInIndex = 0; path = MultipleAlbums.app; sourceTree = BUILT_PRODUCTS_DIR; };
		29CAB6191CBE2237005E54F6 /* main.m */ = {isa = PBXFileReference; lastKnownFileType = sourcecode.c.objc; path = main.m; sourceTree = "<group>"; };
		29CAB61B1CBE2237005E54F6 /* AppDelegate.h */ = {isa = PBXFileReference; lastKnownFileType = sourcecode.c.h; path = AppDelegate.h; sourceTree = "<group>"; };
		29CAB61C1CBE2237005E54F6 /* AppDelegate.m */ = {isa = PBXFileReference; lastKnownFileType = sourcecode.c.objc; path = AppDelegate.m; sourceTree = "<group>"; };
		29CAB61E1CBE2237005E54F6 /* ViewController.h */ = {isa = PBXFileReference; lastKnownFileType = sourcecode.c.h; path = ViewController.h; sourceTree = "<group>"; };
		29CAB61F1CBE2237005E54F6 /* ViewController.m */ = {isa = PBXFileReference; lastKnownFileType = sourcecode.c.objc; path = ViewController.m; sourceTree = "<group>"; };
		29CAB6221CBE2237005E54F6 /* Base */ = {isa = PBXFileReference; lastKnownFileType = file.storyboard; name = Base; path = Base.lproj/Main.storyboard; sourceTree = "<group>"; };
		29CAB6251CBE2237005E54F6 /* MultipleAlbums.xcdatamodel */ = {isa = PBXFileReference; lastKnownFileType = wrapper.xcdatamodel; path = MultipleAlbums.xcdatamodel; sourceTree = "<group>"; };
		29CAB6271CBE2237005E54F6 /* Assets.xcassets */ = {isa = PBXFileReference; lastKnownFileType = folder.assetcatalog; path = Assets.xcassets; sourceTree = "<group>"; };
		29CAB62A1CBE2237005E54F6 /* Base */ = {isa = PBXFileReference; lastKnownFileType = file.storyboard; name = Base; path = Base.lproj/LaunchScreen.storyboard; sourceTree = "<group>"; };
		29CAB62C1CBE2237005E54F6 /* Info.plist */ = {isa = PBXFileReference; lastKnownFileType = text.plist.xml; path = Info.plist; sourceTree = "<group>"; };
/* End PBXFileReference section */

/* Begin PBXFrameworksBuildPhase section */
		29CAB6121CBE2237005E54F6 /* Frameworks */ = {
			isa = PBXFrameworksBuildPhase;
			buildActionMask = 2147483647;
			files = (
			);
			runOnlyForDeploymentPostprocessing = 0;
		};
/* End PBXFrameworksBuildPhase section */

/* Begin PBXGroup section */
		2961F00B1CBF3F180062FC1A /* KZImagePicker */ = {
			isa = PBXGroup;
			children = (
				2961F0141CBF3F190062FC1A /* Model */,
				2961F0111CBF3F190062FC1A /* KZImagePickerController.h */,
				2961F0121CBF3F190062FC1A /* KZImagePickerController.m */,
				2961F00C1CBF3F190062FC1A /* KZAlbumViewController.h */,
				2961F00D1CBF3F190062FC1A /* KZAlbumViewController.m */,
				2961F00E1CBF3F190062FC1A /* KZGroupCell.h */,
				2961F00F1CBF3F190062FC1A /* KZGroupCell.m */,
				2961F0101CBF3F190062FC1A /* KZGroupCell.xib */,
				2961F01E1CBF46F80062FC1A /* KZPhotoViewController.h */,
				2961F01F1CBF46F80062FC1A /* KZPhotoViewController.m */,
				2961F0131CBF3F190062FC1A /* MacroDefinition.h */,
			);
			path = KZImagePicker;
			sourceTree = "<group>";
		};
		2961F0141CBF3F190062FC1A /* Model */ = {
			isa = PBXGroup;
			children = (
				2961F01C1CBF46F80062FC1A /* KZAssetsInfo.h */,
				2961F01D1CBF46F80062FC1A /* KZAssetsInfo.m */,
				2961F0151CBF3F190062FC1A /* KZGroupInfo.h */,
				2961F0161CBF3F190062FC1A /* KZGroupInfo.m */,
			);
			path = Model;
			sourceTree = "<group>";
		};
		29CAB60C1CBE2237005E54F6 = {
			isa = PBXGroup;
			children = (
				29CAB6171CBE2237005E54F6 /* MultipleAlbums */,
				29CAB6161CBE2237005E54F6 /* Products */,
				2961F0061CBF396C0062FC1A /* kz_badge@2x.png */,
				2961F0081CBF3C340062FC1A /* kz_overlay@2x.png */,
			);
			sourceTree = "<group>";
		};
		29CAB6161CBE2237005E54F6 /* Products */ = {
			isa = PBXGroup;
			children = (
				29CAB6151CBE2237005E54F6 /* MultipleAlbums.app */,
			);
			name = Products;
			sourceTree = "<group>";
		};
		29CAB6171CBE2237005E54F6 /* MultipleAlbums */ = {
			isa = PBXGroup;
			children = (
				29CAB61B1CBE2237005E54F6 /* AppDelegate.h */,
				29CAB61C1CBE2237005E54F6 /* AppDelegate.m */,
				29CAB61E1CBE2237005E54F6 /* ViewController.h */,
				29CAB61F1CBE2237005E54F6 /* ViewController.m */,
				2961F00B1CBF3F180062FC1A /* KZImagePicker */,
				29CAB6211CBE2237005E54F6 /* Main.storyboard */,
				29CAB6271CBE2237005E54F6 /* Assets.xcassets */,
				29CAB6291CBE2237005E54F6 /* LaunchScreen.storyboard */,
				29CAB62C1CBE2237005E54F6 /* Info.plist */,
				29CAB6241CBE2237005E54F6 /* MultipleAlbums.xcdatamodeld */,
				29CAB6181CBE2237005E54F6 /* Supporting Files */,
			);
			path = MultipleAlbums;
			sourceTree = "<group>";
		};
		29CAB6181CBE2237005E54F6 /* Supporting Files */ = {
			isa = PBXGroup;
			children = (
				29CAB6191CBE2237005E54F6 /* main.m */,
			);
			name = "Supporting Files";
			sourceTree = "<group>";
		};
/* End PBXGroup section */

/* Begin PBXNativeTarget section */
		29CAB6141CBE2237005E54F6 /* MultipleAlbums */ = {
			isa = PBXNativeTarget;
			buildConfigurationList = 29CAB62F1CBE2237005E54F6 /* Build configuration list for PBXNativeTarget "MultipleAlbums" */;
			buildPhases = (
				29CAB6111CBE2237005E54F6 /* Sources */,
				29CAB6121CBE2237005E54F6 /* Frameworks */,
				29CAB6131CBE2237005E54F6 /* Resources */,
			);
			buildRules = (
			);
			dependencies = (
			);
			name = MultipleAlbums;
			productName = MultipleAlbums;
			productReference = 29CAB6151CBE2237005E54F6 /* MultipleAlbums.app */;
			productType = "com.apple.product-type.application";
		};
/* End PBXNativeTarget section */

/* Begin PBXProject section */
		29CAB60D1CBE2237005E54F6 /* Project object */ = {
			isa = PBXProject;
			attributes = {
				LastUpgradeCheck = 0720;
				ORGANIZATIONNAME = KZ;
				TargetAttributes = {
					29CAB6141CBE2237005E54F6 = {
						CreatedOnToolsVersion = 7.2.1;
						DevelopmentTeam = XN3FZ7ZSGG;
					};
				};
			};
			buildConfigurationList = 29CAB6101CBE2237005E54F6 /* Build configuration list for PBXProject "MultipleAlbums" */;
			compatibilityVersion = "Xcode 3.2";
			developmentRegion = English;
			hasScannedForEncodings = 0;
			knownRegions = (
				en,
				Base,
			);
			mainGroup = 29CAB60C1CBE2237005E54F6;
			productRefGroup = 29CAB6161CBE2237005E54F6 /* Products */;
			projectDirPath = "";
			projectRoot = "";
			targets = (
				29CAB6141CBE2237005E54F6 /* MultipleAlbums */,
			);
		};
/* End PBXProject section */

/* Begin PBXResourcesBuildPhase section */
		29CAB6131CBE2237005E54F6 /* Resources */ = {
			isa = PBXResourcesBuildPhase;
			buildActionMask = 2147483647;
			files = (
				2961F0191CBF3F190062FC1A /* KZGroupCell.xib in Resources */,
				29CAB62B1CBE2237005E54F6 /* LaunchScreen.storyboard in Resources */,
				29CAB6281CBE2237005E54F6 /* Assets.xcassets in Resources */,
				2961F0071CBF396C0062FC1A /* kz_badge@2x.png in Resources */,
				29CAB6231CBE2237005E54F6 /* Main.storyboard in Resources */,
				2961F0091CBF3C340062FC1A /* kz_overlay@2x.png in Resources */,
			);
			runOnlyForDeploymentPostprocessing = 0;
		};
/* End PBXResourcesBuildPhase section */

/* Begin PBXSourcesBuildPhase section */
		29CAB6111CBE2237005E54F6 /* Sources */ = {
			isa = PBXSourcesBuildPhase;
			buildActionMask = 2147483647;
			files = (
				29CAB6201CBE2237005E54F6 /* ViewController.m in Sources */,
				2961F0201CBF46F80062FC1A /* KZAssetsInfo.m in Sources */,
				2961F0211CBF46F80062FC1A /* KZPhotoViewController.m in Sources */,
				29CAB61D1CBE2237005E54F6 /* AppDelegate.m in Sources */,
				29CAB61A1CBE2237005E54F6 /* main.m in Sources */,
				2961F0171CBF3F190062FC1A /* KZAlbumViewController.m in Sources */,
				2961F0181CBF3F190062FC1A /* KZGroupCell.m in Sources */,
				29CAB6261CBE2237005E54F6 /* MultipleAlbums.xcdatamodeld in Sources */,
				2961F01B1CBF3F190062FC1A /* KZGroupInfo.m in Sources */,
				2961F01A1CBF3F190062FC1A /* KZImagePickerController.m in Sources */,
			);
			runOnlyForDeploymentPostprocessing = 0;
		};
/* End PBXSourcesBuildPhase section */

/* Begin PBXVariantGroup section */
		29CAB6211CBE2237005E54F6 /* Main.storyboard */ = {
			isa = PBXVariantGroup;
			children = (
				29CAB6221CBE2237005E54F6 /* Base */,
			);
			name = Main.storyboard;
			sourceTree = "<group>";
		};
		29CAB6291CBE2237005E54F6 /* LaunchScreen.storyboard */ = {
			isa = PBXVariantGroup;
			children = (
				29CAB62A1CBE2237005E54F6 /* Base */,
			);
			name = LaunchScreen.storyboard;
			sourceTree = "<group>";
		};
/* End PBXVariantGroup section */

/* Begin XCBuildConfiguration section */
		29CAB62D1CBE2237005E54F6 /* Debug */ = {
			isa = XCBuildConfiguration;
			buildSettings = {
				ALWAYS_SEARCH_USER_PATHS = NO;
				CLANG_CXX_LANGUAGE_STANDARD = "gnu++0x";
				CLANG_CXX_LIBRARY = "libc++";
				CLANG_ENABLE_MODULES = YES;
				CLANG_ENABLE_OBJC_ARC = YES;
				CLANG_WARN_BOOL_CONVERSION = YES;
				CLANG_WARN_CONSTANT_CONVERSION = YES;
				CLANG_WARN_DIRECT_OBJC_ISA_USAGE = YES_ERROR;
				CLANG_WARN_EMPTY_BODY = YES;
				CLANG_WARN_ENUM_CONVERSION = YES;
				CLANG_WARN_INT_CONVERSION = YES;
				CLANG_WARN_OBJC_ROOT_CLASS = YES_ERROR;
				CLANG_WARN_UNREACHABLE_CODE = YES;
				CLANG_WARN__DUPLICATE_METHOD_MATCH = YES;
				"CODE_SIGN_IDENTITY[sdk=iphoneos*]" = "iPhone Developer";
				COPY_PHASE_STRIP = NO;
				DEBUG_INFORMATION_FORMAT = dwarf;
				ENABLE_STRICT_OBJC_MSGSEND = YES;
				ENABLE_TESTABILITY = YES;
				GCC_C_LANGUAGE_STANDARD = gnu99;
				GCC_DYNAMIC_NO_PIC = NO;
				GCC_NO_COMMON_BLOCKS = YES;
				GCC_OPTIMIZATION_LEVEL = 0;
				GCC_PREPROCESSOR_DEFINITIONS = (
					"DEBUG=1",
					"$(inherited)",
				);
				GCC_WARN_64_TO_32_BIT_CONVERSION = YES;
				GCC_WARN_ABOUT_RETURN_TYPE = YES_ERROR;
				GCC_WARN_UNDECLARED_SELECTOR = YES;
				GCC_WARN_UNINITIALIZED_AUTOS = YES_AGGRESSIVE;
				GCC_WARN_UNUSED_FUNCTION = YES;
				GCC_WARN_UNUSED_VARIABLE = YES;
				IPHONEOS_DEPLOYMENT_TARGET = 9.2;
				MTL_ENABLE_DEBUG_INFO = YES;
				ONLY_ACTIVE_ARCH = YES;
				SDKROOT = iphoneos;
				TARGETED_DEVICE_FAMILY = "1,2";
			};
			name = Debug;
		};
		29CAB62E1CBE2237005E54F6 /* Release */ = {
			isa = XCBuildConfiguration;
			buildSettings = {
				ALWAYS_SEARCH_USER_PATHS = NO;
				CLANG_CXX_LANGUAGE_STANDARD = "gnu++0x";
				CLANG_CXX_LIBRARY = "libc++";
				CLANG_ENABLE_MODULES = YES;
				CLANG_ENABLE_OBJC_ARC = YES;
				CLANG_WARN_BOOL_CONVERSION = YES;
				CLANG_WARN_CONSTANT_CONVERSION = YES;
				CLANG_WARN_DIRECT_OBJC_ISA_USAGE = YES_ERROR;
				CLANG_WARN_EMPTY_BODY = YES;
				CLANG_WARN_ENUM_CONVERSION = YES;
				CLANG_WARN_INT_CONVERSION = YES;
				CLANG_WARN_OBJC_ROOT_CLASS = YES_ERROR;
				CLANG_WARN_UNREACHABLE_CODE = YES;
				CLANG_WARN__DUPLICATE_METHOD_MATCH = YES;
				"CODE_SIGN_IDENTITY[sdk=iphoneos*]" = "iPhone Developer";
				COPY_PHASE_STRIP = NO;
				DEBUG_INFORMATION_FORMAT = "dwarf-with-dsym";
				ENABLE_NS_ASSERTIONS = NO;
				ENABLE_STRICT_OBJC_MSGSEND = YES;
				GCC_C_LANGUAGE_STANDARD = gnu99;
				GCC_NO_COMMON_BLOCKS = YES;
				GCC_WARN_64_TO_32_BIT_CONVERSION = YES;
				GCC_WARN_ABOUT_RETURN_TYPE = YES_ERROR;
				GCC_WARN_UNDECLARED_SELECTOR = YES;
				GCC_WARN_UNINITIALIZED_AUTOS = YES_AGGRESSIVE;
				GCC_WARN_UNUSED_FUNCTION = YES;
				GCC_WARN_UNUSED_VARIABLE = YES;
				IPHONEOS_DEPLOYMENT_TARGET = 9.2;
				MTL_ENABLE_DEBUG_INFO = NO;
				SDKROOT = iphoneos;
				TARGETED_DEVICE_FAMILY = "1,2";
				VALIDATE_PRODUCT = YES;
			};
			name = Release;
		};
		29CAB6301CBE2237005E54F6 /* Debug */ = {
			isa = XCBuildConfiguration;
			buildSettings = {
				ASSETCATALOG_COMPILER_APPICON_NAME = AppIcon;
				INFOPLIST_FILE = MultipleAlbums/Info.plist;
				IPHONEOS_DEPLOYMENT_TARGET = 8.1;
				LD_RUNPATH_SEARCH_PATHS = "$(inherited) @executable_path/Frameworks";
				PRODUCT_BUNDLE_IDENTIFIER = kunzkun.MultipleAlbums;
				PRODUCT_NAME = "$(TARGET_NAME)";
			};
			name = Debug;
		};
		29CAB6311CBE2237005E54F6 /* Release */ = {
			isa = XCBuildConfiguration;
			buildSettings = {
				ASSETCATALOG_COMPILER_APPICON_NAME = AppIcon;
				INFOPLIST_FILE = MultipleAlbums/Info.plist;
				IPHONEOS_DEPLOYMENT_TARGET = 8.1;
				LD_RUNPATH_SEARCH_PATHS = "$(inherited) @executable_path/Frameworks";
				PRODUCT_BUNDLE_IDENTIFIER = kunzkun.MultipleAlbums;
				PRODUCT_NAME = "$(TARGET_NAME)";
			};
			name = Release;
		};
/* End XCBuildConfiguration section */

/* Begin XCConfigurationList section */
		29CAB6101CBE2237005E54F6 /* Build configuration list for PBXProject "MultipleAlbums" */ = {
			isa = XCConfigurationList;
			buildConfigurations = (
				29CAB62D1CBE2237005E54F6 /* Debug */,
				29CAB62E1CBE2237005E54F6 /* Release */,
			);
			defaultConfigurationIsVisible = 0;
			defaultConfigurationName = Release;
		};
		29CAB62F1CBE2237005E54F6 /* Build configuration list for PBXNativeTarget "MultipleAlbums" */ = {
			isa = XCConfigurationList;
			buildConfigurations = (
				29CAB6301CBE2237005E54F6 /* Debug */,
				29CAB6311CBE2237005E54F6 /* Release */,
			);
			defaultConfigurationIsVisible = 0;
			defaultConfigurationName = Release;
		};
/* End XCConfigurationList section */

/* Begin XCVersionGroup section */
		29CAB6241CBE2237005E54F6 /* MultipleAlbums.xcdatamodeld */ = {
			isa = XCVersionGroup;
			children = (
				29CAB6251CBE2237005E54F6 /* MultipleAlbums.xcdatamodel */,
			);
			currentVersion = 29CAB6251CBE2237005E54F6 /* MultipleAlbums.xcdatamodel */;
			path = MultipleAlbums.xcdatamodeld;
			sourceTree = "<group>";
			versionGroupType = wrapper.xcdatamodel;
		};
/* End XCVersionGroup section */
	};
	rootObject = 29CAB60D1CBE2237005E54F6 /* Project object */;
}
